
Microsoft Visual Studio Solution File, Format Version 12.00
# Visual Studio Version 17
VisualStudioVersion = 17.5.33530.505
MinimumVisualStudioVersion = 10.0.40219.1
Project("{FAE04EC0-301F-11D3-BF4B-00C04F79EFBC}") = "1929. Concatenation of Array", "1929. Concatenation of Array\1929. Concatenation of Array.csproj", "{82F850CF-F848-4997-8497-32554CE0BB55}"
EndProject
Project("{FAE04EC0-301F-11D3-BF4B-00C04F79EFBC}") = "1920. Build Array from Permutation", "1920. Build Array from Permutation\1920. Build Array from Permutation.csproj", "{66B7AFF4-7777-4814-A023-8D162B22C57B}"
EndProject
Project("{FAE04EC0-301F-11D3-BF4B-00C04F79EFBC}") = "2469. Convert the Temperature", "2469. Convert the Temperature\2469. Convert the Temperature.csproj", "{ABF7102C-F42D-4CF0-9BB3-FCA286E2466E}"
EndProject
Global
	GlobalSection(SolutionConfigurationPlatforms) = preSolution
		Debug|Any CPU = Debug|Any CPU
		Release|Any CPU = Release|Any CPU
	EndGlobalSection
	GlobalSection(ProjectConfigurationPlatforms) = postSolution
		{82F850CF-F848-4997-8497-32554CE0BB55}.Debug|Any CPU.ActiveCfg = Debug|Any CPU
		{82F850CF-F848-4997-8497-32554CE0BB55}.Debug|Any CPU.Build.0 = Debug|Any CPU
		{82F850CF-F848-4997-8497-32554CE0BB55}.Release|Any CPU.ActiveCfg = Release|Any CPU
		{82F850CF-F848-4997-8497-32554CE0BB55}.Release|Any CPU.Build.0 = Release|Any CPU
		{66B7AFF4-7777-4814-A023-8D162B22C57B}.Debug|Any CPU.ActiveCfg = Debug|Any CPU
		{66B7AFF4-7777-4814-A023-8D162B22C57B}.Debug|Any CPU.Build.0 = Debug|Any CPU
		{66B7AFF4-7777-4814-A023-8D162B22C57B}.Release|Any CPU.ActiveCfg = Release|Any CPU
		{66B7AFF4-7777-4814-A023-8D162B22C57B}.Release|Any CPU.Build.0 = Release|Any CPU
		{ABF7102C-F42D-4CF0-9BB3-FCA286E2466E}.Debug|Any CPU.ActiveCfg = Debug|Any CPU
		{ABF7102C-F42D-4CF0-9BB3-FCA286E2466E}.Debug|Any CPU.Build.0 = Debug|Any CPU
		{ABF7102C-F42D-4CF0-9BB3-FCA286E2466E}.Release|Any CPU.ActiveCfg = Release|Any CPU
		{ABF7102C-F42D-4CF0-9BB3-FCA286E2466E}.Release|Any CPU.Build.0 = Release|Any CPU
	EndGlobalSection
	GlobalSection(SolutionProperties) = preSolution
		HideSolutionNode = FALSE
	EndGlobalSection
	GlobalSection(ExtensibilityGlobals) = postSolution
		SolutionGuid = {59CC27D6-C945-491E-8461-555F3185EC65}
	EndGlobalSection
EndGlobal
