
Microsoft Visual Studio Solution File, Format Version 12.00
# Visual Studio Version 17
VisualStudioVersion = 17.5.33530.505
MinimumVisualStudioVersion = 10.0.40219.1
Project("{FAE04EC0-301F-11D3-BF4B-00C04F79EFBC}") = "1929. Concatenation of Array", "1929. Concatenation of Array\1929. Concatenation of Array.csproj", "{82F850CF-F848-4997-8497-32554CE0BB55}"
EndProject
Project("{FAE04EC0-301F-11D3-BF4B-00C04F79EFBC}") = "1920. Build Array from Permutation", "1920. Build Array from Permutation\1920. Build Array from Permutation.csproj", "{66B7AFF4-7777-4814-A023-8D162B22C57B}"
EndProject
Project("{FAE04EC0-301F-11D3-BF4B-00C04F79EFBC}") = "2469. Convert the Temperature", "2469. Convert the Temperature\2469. Convert the Temperature.csproj", "{ABF7102C-F42D-4CF0-9BB3-FCA286E2466E}"
EndProject
Project("{FAE04EC0-301F-11D3-BF4B-00C04F79EFBC}") = "1512. Number of Good Pairs", "1512. Number of Good Pairs\1512. Number of Good Pairs.csproj", "{2A400F12-CDA9-4930-8628-6A235BDA236A}"
EndProject
Project("{FAE04EC0-301F-11D3-BF4B-00C04F79EFBC}") = "2769. Find the Maximum Achievable Number", "2769. Find the Maximum Achievable Number\2769. Find the Maximum Achievable Number.csproj", "{0E3B1589-BBA8-4C7B-B5E0-42F94724274A}"
EndProject
Project("{FAE04EC0-301F-11D3-BF4B-00C04F79EFBC}") = "2011. Final Value of Variable After Performing Operations", "2011. Final Value of Variable After Performing Operations\2011. Final Value of Variable After Performing Operations.csproj", "{2A8682C9-286C-4ED3-81E4-634CD7344E6E}"
EndProject
Project("{FAE04EC0-301F-11D3-BF4B-00C04F79EFBC}") = "1108. Defanging an IP Address", "1108. Defanging an IP Address\1108. Defanging an IP Address.csproj", "{6606D17F-7742-453A-BE63-6EF1643A6C67}"
EndProject
Project("{FAE04EC0-301F-11D3-BF4B-00C04F79EFBC}") = "1470. Shuffle the Array", "1470. Shuffle the Array\1470. Shuffle the Array.csproj", "{37628E82-D822-45E1-AF2E-D8C39BB2CD13}"
EndProject
Project("{FAE04EC0-301F-11D3-BF4B-00C04F79EFBC}") = "771. Jewels and Stones", "771. Jewels and Stones\771. Jewels and Stones.csproj", "{C8C09398-548A-4641-B9EF-C9922D91B3EB}"
EndProject
Project("{FAE04EC0-301F-11D3-BF4B-00C04F79EFBC}") = "509. Fibonacci Number", "509. Fibonacci Number\509. Fibonacci Number.csproj", "{90B09021-7FF5-4132-A7D7-240584A029B2}"
EndProject
Project("{FAE04EC0-301F-11D3-BF4B-00C04F79EFBC}") = "2235. Add Two Integers", "2235. Add Two Integers\2235. Add Two Integers.csproj", "{BCB9D1B9-8C43-4F47-8FF2-031B49900659}"
EndProject
Project("{FAE04EC0-301F-11D3-BF4B-00C04F79EFBC}") = "9. Palindrome Number", "9. Palindrome Number\9. Palindrome Number.csproj", "{8D049300-989D-4B32-A256-41A76AF0A492}"
EndProject
Project("{9A19103F-16F7-4668-BE54-9A1E7A4F7556}") = "2418. Sort The People", "2418. Sort The People\2418. Sort The People.csproj", "{BE8B0E29-B208-4835-BEB0-2E51CF567BF1}"
EndProject
Project("{9A19103F-16F7-4668-BE54-9A1E7A4F7556}") = "sample", "sample\sample.csproj", "{FC78E3C0-6625-4544-8B5B-C78F1A5D22C1}"
EndProject
Project("{9A19103F-16F7-4668-BE54-9A1E7A4F7556}") = "58. Length of Last Word", "58. Length of Last Word\58. Length of Last Word.csproj", "{0A86BA4C-4412-48D7-9C0A-4F9DDBB24281}"
EndProject
Project("{FAE04EC0-301F-11D3-BF4B-00C04F79EFBC}") = "88. Merge Sorted Array", "88. Merge Sorted Array\88. Merge Sorted Array.csproj", "{410F5400-7F34-4EE4-8C53-AC40E08FDCD5}"
EndProject
Project("{FAE04EC0-301F-11D3-BF4B-00C04F79EFBC}") = "27. Remove Element", "27. Remove Element\27. Remove Element.csproj", "{BED12C5F-B052-4DD0-B4BA-1928AE81A503}"
EndProject
Global
	GlobalSection(SolutionConfigurationPlatforms) = preSolution
		Debug|Any CPU = Debug|Any CPU
		Release|Any CPU = Release|Any CPU
	EndGlobalSection
	GlobalSection(ProjectConfigurationPlatforms) = postSolution
		{82F850CF-F848-4997-8497-32554CE0BB55}.Debug|Any CPU.ActiveCfg = Debug|Any CPU
		{82F850CF-F848-4997-8497-32554CE0BB55}.Debug|Any CPU.Build.0 = Debug|Any CPU
		{82F850CF-F848-4997-8497-32554CE0BB55}.Release|Any CPU.ActiveCfg = Release|Any CPU
		{82F850CF-F848-4997-8497-32554CE0BB55}.Release|Any CPU.Build.0 = Release|Any CPU
		{66B7AFF4-7777-4814-A023-8D162B22C57B}.Debug|Any CPU.ActiveCfg = Debug|Any CPU
		{66B7AFF4-7777-4814-A023-8D162B22C57B}.Debug|Any CPU.Build.0 = Debug|Any CPU
		{66B7AFF4-7777-4814-A023-8D162B22C57B}.Release|Any CPU.ActiveCfg = Release|Any CPU
		{66B7AFF4-7777-4814-A023-8D162B22C57B}.Release|Any CPU.Build.0 = Release|Any CPU
		{ABF7102C-F42D-4CF0-9BB3-FCA286E2466E}.Debug|Any CPU.ActiveCfg = Debug|Any CPU
		{ABF7102C-F42D-4CF0-9BB3-FCA286E2466E}.Debug|Any CPU.Build.0 = Debug|Any CPU
		{ABF7102C-F42D-4CF0-9BB3-FCA286E2466E}.Release|Any CPU.ActiveCfg = Release|Any CPU
		{ABF7102C-F42D-4CF0-9BB3-FCA286E2466E}.Release|Any CPU.Build.0 = Release|Any CPU
		{2A400F12-CDA9-4930-8628-6A235BDA236A}.Debug|Any CPU.ActiveCfg = Debug|Any CPU
		{2A400F12-CDA9-4930-8628-6A235BDA236A}.Debug|Any CPU.Build.0 = Debug|Any CPU
		{2A400F12-CDA9-4930-8628-6A235BDA236A}.Release|Any CPU.ActiveCfg = Release|Any CPU
		{2A400F12-CDA9-4930-8628-6A235BDA236A}.Release|Any CPU.Build.0 = Release|Any CPU
		{0E3B1589-BBA8-4C7B-B5E0-42F94724274A}.Debug|Any CPU.ActiveCfg = Debug|Any CPU
		{0E3B1589-BBA8-4C7B-B5E0-42F94724274A}.Debug|Any CPU.Build.0 = Debug|Any CPU
		{0E3B1589-BBA8-4C7B-B5E0-42F94724274A}.Release|Any CPU.ActiveCfg = Release|Any CPU
		{0E3B1589-BBA8-4C7B-B5E0-42F94724274A}.Release|Any CPU.Build.0 = Release|Any CPU
		{2A8682C9-286C-4ED3-81E4-634CD7344E6E}.Debug|Any CPU.ActiveCfg = Debug|Any CPU
		{2A8682C9-286C-4ED3-81E4-634CD7344E6E}.Debug|Any CPU.Build.0 = Debug|Any CPU
		{2A8682C9-286C-4ED3-81E4-634CD7344E6E}.Release|Any CPU.ActiveCfg = Release|Any CPU
		{2A8682C9-286C-4ED3-81E4-634CD7344E6E}.Release|Any CPU.Build.0 = Release|Any CPU
		{6606D17F-7742-453A-BE63-6EF1643A6C67}.Debug|Any CPU.ActiveCfg = Debug|Any CPU
		{6606D17F-7742-453A-BE63-6EF1643A6C67}.Debug|Any CPU.Build.0 = Debug|Any CPU
		{6606D17F-7742-453A-BE63-6EF1643A6C67}.Release|Any CPU.ActiveCfg = Release|Any CPU
		{6606D17F-7742-453A-BE63-6EF1643A6C67}.Release|Any CPU.Build.0 = Release|Any CPU
		{37628E82-D822-45E1-AF2E-D8C39BB2CD13}.Debug|Any CPU.ActiveCfg = Debug|Any CPU
		{37628E82-D822-45E1-AF2E-D8C39BB2CD13}.Debug|Any CPU.Build.0 = Debug|Any CPU
		{37628E82-D822-45E1-AF2E-D8C39BB2CD13}.Release|Any CPU.ActiveCfg = Release|Any CPU
		{37628E82-D822-45E1-AF2E-D8C39BB2CD13}.Release|Any CPU.Build.0 = Release|Any CPU
		{C8C09398-548A-4641-B9EF-C9922D91B3EB}.Debug|Any CPU.ActiveCfg = Debug|Any CPU
		{C8C09398-548A-4641-B9EF-C9922D91B3EB}.Debug|Any CPU.Build.0 = Debug|Any CPU
		{C8C09398-548A-4641-B9EF-C9922D91B3EB}.Release|Any CPU.ActiveCfg = Release|Any CPU
		{C8C09398-548A-4641-B9EF-C9922D91B3EB}.Release|Any CPU.Build.0 = Release|Any CPU
		{90B09021-7FF5-4132-A7D7-240584A029B2}.Debug|Any CPU.ActiveCfg = Debug|Any CPU
		{90B09021-7FF5-4132-A7D7-240584A029B2}.Debug|Any CPU.Build.0 = Debug|Any CPU
		{90B09021-7FF5-4132-A7D7-240584A029B2}.Release|Any CPU.ActiveCfg = Release|Any CPU
		{90B09021-7FF5-4132-A7D7-240584A029B2}.Release|Any CPU.Build.0 = Release|Any CPU
		{BCB9D1B9-8C43-4F47-8FF2-031B49900659}.Debug|Any CPU.ActiveCfg = Debug|Any CPU
		{BCB9D1B9-8C43-4F47-8FF2-031B49900659}.Debug|Any CPU.Build.0 = Debug|Any CPU
		{BCB9D1B9-8C43-4F47-8FF2-031B49900659}.Release|Any CPU.ActiveCfg = Release|Any CPU
		{BCB9D1B9-8C43-4F47-8FF2-031B49900659}.Release|Any CPU.Build.0 = Release|Any CPU
		{8D049300-989D-4B32-A256-41A76AF0A492}.Debug|Any CPU.ActiveCfg = Debug|Any CPU
		{8D049300-989D-4B32-A256-41A76AF0A492}.Debug|Any CPU.Build.0 = Debug|Any CPU
		{8D049300-989D-4B32-A256-41A76AF0A492}.Release|Any CPU.ActiveCfg = Release|Any CPU
		{8D049300-989D-4B32-A256-41A76AF0A492}.Release|Any CPU.Build.0 = Release|Any CPU
		{BE8B0E29-B208-4835-BEB0-2E51CF567BF1}.Debug|Any CPU.ActiveCfg = Debug|Any CPU
		{BE8B0E29-B208-4835-BEB0-2E51CF567BF1}.Debug|Any CPU.Build.0 = Debug|Any CPU
		{BE8B0E29-B208-4835-BEB0-2E51CF567BF1}.Release|Any CPU.ActiveCfg = Release|Any CPU
		{BE8B0E29-B208-4835-BEB0-2E51CF567BF1}.Release|Any CPU.Build.0 = Release|Any CPU
		{FC78E3C0-6625-4544-8B5B-C78F1A5D22C1}.Debug|Any CPU.ActiveCfg = Debug|Any CPU
		{FC78E3C0-6625-4544-8B5B-C78F1A5D22C1}.Debug|Any CPU.Build.0 = Debug|Any CPU
		{FC78E3C0-6625-4544-8B5B-C78F1A5D22C1}.Release|Any CPU.ActiveCfg = Release|Any CPU
		{FC78E3C0-6625-4544-8B5B-C78F1A5D22C1}.Release|Any CPU.Build.0 = Release|Any CPU
		{0A86BA4C-4412-48D7-9C0A-4F9DDBB24281}.Debug|Any CPU.ActiveCfg = Debug|Any CPU
		{0A86BA4C-4412-48D7-9C0A-4F9DDBB24281}.Debug|Any CPU.Build.0 = Debug|Any CPU
		{0A86BA4C-4412-48D7-9C0A-4F9DDBB24281}.Release|Any CPU.ActiveCfg = Release|Any CPU
		{0A86BA4C-4412-48D7-9C0A-4F9DDBB24281}.Release|Any CPU.Build.0 = Release|Any CPU
		{410F5400-7F34-4EE4-8C53-AC40E08FDCD5}.Debug|Any CPU.ActiveCfg = Debug|Any CPU
		{410F5400-7F34-4EE4-8C53-AC40E08FDCD5}.Debug|Any CPU.Build.0 = Debug|Any CPU
		{410F5400-7F34-4EE4-8C53-AC40E08FDCD5}.Release|Any CPU.ActiveCfg = Release|Any CPU
		{410F5400-7F34-4EE4-8C53-AC40E08FDCD5}.Release|Any CPU.Build.0 = Release|Any CPU
		{BED12C5F-B052-4DD0-B4BA-1928AE81A503}.Debug|Any CPU.ActiveCfg = Debug|Any CPU
		{BED12C5F-B052-4DD0-B4BA-1928AE81A503}.Debug|Any CPU.Build.0 = Debug|Any CPU
		{BED12C5F-B052-4DD0-B4BA-1928AE81A503}.Release|Any CPU.ActiveCfg = Release|Any CPU
		{BED12C5F-B052-4DD0-B4BA-1928AE81A503}.Release|Any CPU.Build.0 = Release|Any CPU
	EndGlobalSection
	GlobalSection(SolutionProperties) = preSolution
		HideSolutionNode = FALSE
	EndGlobalSection
	GlobalSection(ExtensibilityGlobals) = postSolution
		SolutionGuid = {59CC27D6-C945-491E-8461-555F3185EC65}
	EndGlobalSection
EndGlobal
